
Microsoft Visual Studio Solution File, Format Version 12.00
# Visual Studio Version 17
VisualStudioVersion = 17.3.32929.385
MinimumVisualStudioVersion = 10.0.40219.1
Project("{FAE04EC0-301F-11D3-BF4B-00C04F79EFBC}") = "Toai", "Toai.csproj", "{13C23978-21B8-45F0-8DAC-27ADB2B19BDA}"
EndProject
Global
	GlobalSection(SolutionConfigurationPlatforms) = preSolution
		Debug|Any CPU = Debug|Any CPU
		Release|Any CPU = Release|Any CPU
	EndGlobalSection
	GlobalSection(ProjectConfigurationPlatforms) = postSolution
		{13C23978-21B8-45F0-8DAC-27ADB2B19BDA}.Debug|Any CPU.ActiveCfg = Debug|Any CPU
		{13C23978-21B8-45F0-8DAC-27ADB2B19BDA}.Debug|Any CPU.Build.0 = Debug|Any CPU
		{13C23978-21B8-45F0-8DAC-27ADB2B19BDA}.Release|Any CPU.ActiveCfg = Release|Any CPU
		{13C23978-21B8-45F0-8DAC-27ADB2B19BDA}.Release|Any CPU.Build.0 = Release|Any CPU
	EndGlobalSection
	GlobalSection(SolutionProperties) = preSolution
		HideSolutionNode = FALSE
	EndGlobalSection
	GlobalSection(ExtensibilityGlobals) = postSolution
		SolutionGuid = {D6D4BC33-7D53-4256-92E5-813921305882}
	EndGlobalSection
EndGlobal
